
Microsoft Visual Studio Solution File, Format Version 12.00
# Visual Studio Version 17
VisualStudioVersion = 17.8.34330.188
MinimumVisualStudioVersion = 10.0.40219.1
Project("{FAE04EC0-301F-11D3-BF4B-00C04F79EFBC}") = "MalovaniJagupov", "MalovaniJagupov\MalovaniJagupov.csproj", "{8CD06A9E-64CB-4FF0-9E8A-14C069982973}"
EndProject
Global
	GlobalSection(SolutionConfigurationPlatforms) = preSolution
		Debug|Any CPU = Debug|Any CPU
		Release|Any CPU = Release|Any CPU
	EndGlobalSection
	GlobalSection(ProjectConfigurationPlatforms) = postSolution
		{8CD06A9E-64CB-4FF0-9E8A-14C069982973}.Debug|Any CPU.ActiveCfg = Debug|Any CPU
		{8CD06A9E-64CB-4FF0-9E8A-14C069982973}.Debug|Any CPU.Build.0 = Debug|Any CPU
		{8CD06A9E-64CB-4FF0-9E8A-14C069982973}.Release|Any CPU.ActiveCfg = Release|Any CPU
		{8CD06A9E-64CB-4FF0-9E8A-14C069982973}.Release|Any CPU.Build.0 = Release|Any CPU
	EndGlobalSection
	GlobalSection(SolutionProperties) = preSolution
		HideSolutionNode = FALSE
	EndGlobalSection
	GlobalSection(ExtensibilityGlobals) = postSolution
		SolutionGuid = {76D6FFED-755F-4116-A9F7-8C94EE1EDB0D}
	EndGlobalSection
EndGlobal
